Microsoft Visual Studio Solution File, Format Version 12.00
# Visual Studio Version 18
VisualStudioVersion = 18.0.11018.127
MinimumVisualStudioVersion = 10.0.40219.1
Project("{2150E333-8FDC-42A3-9474-1A3956D46DE8}") = "ContractManagement", "ContractManagement", "{A9D7C3E1-1E1D-4A5F-9E6F-23E25C9A1C3A}"
EndProject
Project("{2150E333-8FDC-42A3-9474-1A3956D46DE8}") = "TransactionProcessing", "TransactionProcessing", "{F7E8B1B6-4E64-4E4C-9C69-91E7E9739A9D}"
EndProject
Project("{2150E333-8FDC-42A3-9474-1A3956D46DE8}") = "FundPerformanceManagement", "FundPerformanceManagement", "{D1F2A9B8-9C2D-4C3B-BD56-5A1F6C4F8E2A}"
EndProject
Project("{FAE04EC0-301F-11D3-BF4B-00C04F79EFBC}") = "ContractManagement.Api", "ContractManagement\ContractManagement.Api\ContractManagement.Api.csproj", "{6894A452-EC07-4281-94FC-7D7F0F8FE7EE}"
EndProject
Project("{FAE04EC0-301F-11D3-BF4B-00C04F79EFBC}") = "TransactionProcessing.Api", "TransactionProcessing\TransactionProcessing.Api\TransactionProcessing.Api.csproj", "{ED8AB799-4C68-4B36-BB17-20C011088215}"
EndProject
Project("{FAE04EC0-301F-11D3-BF4B-00C04F79EFBC}") = "FundPerformanceManagement.Api", "FundPerformanceManagement\FundPerformanceManagement.Api\FundPerformanceManagement.Api.csproj", "{F3D22FD3-4E0B-491B-A7D6-4C2ACBE6F3D0}"
EndProject
Project("{FAE04EC0-301F-11D3-BF4B-00C04F79EFBC}") = "TransactionProcessing.Application", "TransactionProcessing\TransactionProcessing.Application\TransactionProcessing.Application.csproj", "{CEA23A33-6288-4E7A-B8AA-460CC39E8EB4}"
EndProject
Project("{FAE04EC0-301F-11D3-BF4B-00C04F79EFBC}") = "TransactionProcessing.Domain", "TransactionProcessing\TransactionProcessing.Domain\TransactionProcessing.Domain.csproj", "{BAE014AD-0559-4070-BF7D-632AE1930D09}"
EndProject
Project("{FAE04EC0-301F-11D3-BF4B-00C04F79EFBC}") = "TransactionProcessing.Infrastructure", "TransactionProcessing\TransactionProcessing.Infrastructure\TransactionProcessing.Infrastructure.csproj", "{10DA68AD-0F4F-487A-805E-18AB5B62AA9C}"
EndProject
Project("{FAE04EC0-301F-11D3-BF4B-00C04F79EFBC}") = "FundPerformanceManagement.Applicatiom", "FundPerformanceManagement\FundPerformanceManagement.Applicatiom\FundPerformanceManagement.Applicatiom.csproj", "{35CB1337-B4FA-422F-9D7B-CBC0D42CDFEC}"
EndProject
Global
	GlobalSection(SolutionConfigurationPlatforms) = preSolution
		Debug|Any CPU = Debug|Any CPU
		Release|Any CPU = Release|Any CPU
	EndGlobalSection
	GlobalSection(ProjectConfigurationPlatforms) = postSolution
		{6894A452-EC07-4281-94FC-7D7F0F8FE7EE}.Debug|Any CPU.ActiveCfg = Debug|Any CPU
		{6894A452-EC07-4281-94FC-7D7F0F8FE7EE}.Debug|Any CPU.Build.0 = Debug|Any CPU
		{6894A452-EC07-4281-94FC-7D7F0F8FE7EE}.Release|Any CPU.ActiveCfg = Release|Any CPU
		{6894A452-EC07-4281-94FC-7D7F0F8FE7EE}.Release|Any CPU.Build.0 = Release|Any CPU
		{ED8AB799-4C68-4B36-BB17-20C011088215}.Debug|Any CPU.ActiveCfg = Debug|Any CPU
		{ED8AB799-4C68-4B36-BB17-20C011088215}.Debug|Any CPU.Build.0 = Debug|Any CPU
		{ED8AB799-4C68-4B36-BB17-20C011088215}.Release|Any CPU.ActiveCfg = Release|Any CPU
		{ED8AB799-4C68-4B36-BB17-20C011088215}.Release|Any CPU.Build.0 = Release|Any CPU
		{F3D22FD3-4E0B-491B-A7D6-4C2ACBE6F3D0}.Debug|Any CPU.ActiveCfg = Debug|Any CPU
		{F3D22FD3-4E0B-491B-A7D6-4C2ACBE6F3D0}.Debug|Any CPU.Build.0 = Debug|Any CPU
		{F3D22FD3-4E0B-491B-A7D6-4C2ACBE6F3D0}.Release|Any CPU.ActiveCfg = Release|Any CPU
		{F3D22FD3-4E0B-491B-A7D6-4C2ACBE6F3D0}.Release|Any CPU.Build.0 = Release|Any CPU
		{CEA23A33-6288-4E7A-B8AA-460CC39E8EB4}.Debug|Any CPU.ActiveCfg = Debug|Any CPU
		{CEA23A33-6288-4E7A-B8AA-460CC39E8EB4}.Debug|Any CPU.Build.0 = Debug|Any CPU
		{CEA23A33-6288-4E7A-B8AA-460CC39E8EB4}.Release|Any CPU.ActiveCfg = Release|Any CPU
		{CEA23A33-6288-4E7A-B8AA-460CC39E8EB4}.Release|Any CPU.Build.0 = Release|Any CPU
		{BAE014AD-0559-4070-BF7D-632AE1930D09}.Debug|Any CPU.ActiveCfg = Debug|Any CPU
		{BAE014AD-0559-4070-BF7D-632AE1930D09}.Debug|Any CPU.Build.0 = Debug|Any CPU
		{BAE014AD-0559-4070-BF7D-632AE1930D09}.Release|Any CPU.ActiveCfg = Release|Any CPU
		{BAE014AD-0559-4070-BF7D-632AE1930D09}.Release|Any CPU.Build.0 = Release|Any CPU
		{10DA68AD-0F4F-487A-805E-18AB5B62AA9C}.Debug|Any CPU.ActiveCfg = Debug|Any CPU
		{10DA68AD-0F4F-487A-805E-18AB5B62AA9C}.Debug|Any CPU.Build.0 = Debug|Any CPU
		{10DA68AD-0F4F-487A-805E-18AB5B62AA9C}.Release|Any CPU.ActiveCfg = Release|Any CPU
		{10DA68AD-0F4F-487A-805E-18AB5B62AA9C}.Release|Any CPU.Build.0 = Release|Any CPU
		{35CB1337-B4FA-422F-9D7B-CBC0D42CDFEC}.Debug|Any CPU.ActiveCfg = Debug|Any CPU
		{35CB1337-B4FA-422F-9D7B-CBC0D42CDFEC}.Debug|Any CPU.Build.0 = Debug|Any CPU
		{35CB1337-B4FA-422F-9D7B-CBC0D42CDFEC}.Release|Any CPU.ActiveCfg = Release|Any CPU
		{35CB1337-B4FA-422F-9D7B-CBC0D42CDFEC}.Release|Any CPU.Build.0 = Release|Any CPU
	EndGlobalSection
	GlobalSection(SolutionProperties) = preSolution
		HideSolutionNode = FALSE
	EndGlobalSection
	GlobalSection(NestedProjects) = preSolution
		{6894A452-EC07-4281-94FC-7D7F0F8FE7EE} = {A9D7C3E1-1E1D-4A5F-9E6F-23E25C9A1C3A}
		{ED8AB799-4C68-4B36-BB17-20C011088215} = {F7E8B1B6-4E64-4E4C-9C69-91E7E9739A9D}
		{F3D22FD3-4E0B-491B-A7D6-4C2ACBE6F3D0} = {D1F2A9B8-9C2D-4C3B-BD56-5A1F6C4F8E2A}
		{CEA23A33-6288-4E7A-B8AA-460CC39E8EB4} = {F7E8B1B6-4E64-4E4C-9C69-91E7E9739A9D}
		{BAE014AD-0559-4070-BF7D-632AE1930D09} = {F7E8B1B6-4E64-4E4C-9C69-91E7E9739A9D}
		{10DA68AD-0F4F-487A-805E-18AB5B62AA9C} = {F7E8B1B6-4E64-4E4C-9C69-91E7E9739A9D}
		{35CB1337-B4FA-422F-9D7B-CBC0D42CDFEC} = {D1F2A9B8-9C2D-4C3B-BD56-5A1F6C4F8E2A}
	EndGlobalSection
	GlobalSection(ExtensibilityGlobals) = postSolution
		SolutionGuid = {7120E038-6F49-4BF8-9AA8-147FFB63D0B5}
	EndGlobalSection
EndGlobal
