Microsoft Visual Studio Solution File, Format Version 12.00
VisualStudioVersion = 18.0.11018.127
MinimumVisualStudioVersion = 10.0.40219.1

Global
	GlobalSection(SolutionConfigurationPlatforms) = preSolution
		Debug|Any CPU = Debug|Any CPU
		Release|Any CPU = Release|Any CPU
	EndGlobalSection

	GlobalSection(ProjectConfigurationPlatforms) = postSolution
		{C7E4A795A-ACB0-4CDE-9723-848583806D28}.Debug|Any CPU.ActiveCfg = Debug|Any CPU
		{C7E4A795A-ACB0-4CDE-9723-848583806D28}.Debug|Any CPU.Build.0 = Debug|Any CPU
		{C7E4A795A-ACB0-4CDE-9723-848583806D28}.Release|Any CPU.ActiveCfg = Release|Any CPU
		{C7E4A795A-ACB0-4CDE-9723-848583806D28}.Release|Any CPU.Build.0 = Release|Any CPU

		{D8E4A795A-ACB0-4CDE-9723-848583806D28}.Debug|Any CPU.ActiveCfg = Debug|Any CPU
		{D8E4A795A-ACB0-4CDE-9723-848583806D28}.Debug|Any CPU.Build.0 = Debug|Any CPU
		{D8E4A795A-ACB0-4CDE-9723-848583806D28}.Release|Any CPU.ActiveCfg = Release|Any CPU
		{D8E4A795A-ACB0-4CDE-9723-848583806D28}.Release|Any CPU.Build.0 = Release|Any CPU
	EndGlobalSection

	GlobalSection(SolutionProperties) = preSolution
		HideSolutionNode = FALSE
	EndGlobalSection

	GlobalSection(NestedProjects) = preSolution
		{C7E4A795A-ACB0-4CDE-9723-848583806D28} = {B5A9F2E5-9E63-4E6F-97E5-EC32C15F8B63}
		{D8E4A795A-ACB0-4CDE-9723-848583806D28} = {3C2D0C10-6A11-4A56-BBFB-28908A760C8A}
	EndGlobalSection

	GlobalSection(ExtensibilityGlobals) = postSolution
		SolutionGuid = {7120E038-6F49-4BF8-9AA8-147FFB63D0B5}
	EndGlobalSection
EndGlobal
